
Microsoft Visual Studio Solution File, Format Version 12.00
# Visual Studio Version 16
VisualStudioVersion = 16.0.31112.23
MinimumVisualStudioVersion = 10.0.40219.1
Project("{FAE04EC0-301F-11D3-BF4B-00C04F79EFBC}") = "ProgEx10", "ProgEx10.csproj", "{CCD99018-3B79-4842-9494-0C6534168A98}"
EndProject
Global
	GlobalSection(SolutionConfigurationPlatforms) = preSolution
		Debug|Any CPU = Debug|Any CPU
		Release|Any CPU = Release|Any CPU
	EndGlobalSection
	GlobalSection(ProjectConfigurationPlatforms) = postSolution
		{CCD99018-3B79-4842-9494-0C6534168A98}.Debug|Any CPU.ActiveCfg = Debug|Any CPU
		{CCD99018-3B79-4842-9494-0C6534168A98}.Debug|Any CPU.Build.0 = Debug|Any CPU
		{CCD99018-3B79-4842-9494-0C6534168A98}.Release|Any CPU.ActiveCfg = Release|Any CPU
		{CCD99018-3B79-4842-9494-0C6534168A98}.Release|Any CPU.Build.0 = Release|Any CPU
	EndGlobalSection
	GlobalSection(SolutionProperties) = preSolution
		HideSolutionNode = FALSE
	EndGlobalSection
	GlobalSection(ExtensibilityGlobals) = postSolution
		SolutionGuid = {60FC35BB-A61C-4785-B706-3218E6500F04}
	EndGlobalSection
EndGlobal
